
Microsoft Visual Studio Solution File, Format Version 12.00
# Visual Studio Version 16
VisualStudioVersion = 16.0.31515.178
MinimumVisualStudioVersion = 10.0.40219.1
Project("{9A19103F-16F7-4668-BE54-9A1E7A4F7556}") = "ImagePointEditor", "src\ImagePointEditor\ImagePointEditor.csproj", "{73525653-68DA-4E0A-ADE6-8ACCD1A9ED09}"
EndProject
Global
	GlobalSection(SolutionConfigurationPlatforms) = preSolution
		Debug|Any CPU = Debug|Any CPU
		Release|Any CPU = Release|Any CPU
	EndGlobalSection
	GlobalSection(ProjectConfigurationPlatforms) = postSolution
		{73525653-68DA-4E0A-ADE6-8ACCD1A9ED09}.Debug|Any CPU.ActiveCfg = Debug|Any CPU
		{73525653-68DA-4E0A-ADE6-8ACCD1A9ED09}.Debug|Any CPU.Build.0 = Debug|Any CPU
		{73525653-68DA-4E0A-ADE6-8ACCD1A9ED09}.Release|Any CPU.ActiveCfg = Release|Any CPU
		{73525653-68DA-4E0A-ADE6-8ACCD1A9ED09}.Release|Any CPU.Build.0 = Release|Any CPU
	EndGlobalSection
	GlobalSection(SolutionProperties) = preSolution
		HideSolutionNode = FALSE
	EndGlobalSection
	GlobalSection(ExtensibilityGlobals) = postSolution
		SolutionGuid = {D849FFB2-F81C-46F2-84DA-615848ABD1FD}
	EndGlobalSection
EndGlobal
