
Microsoft Visual Studio Solution File, Format Version 12.00
# Visual Studio Version 16
VisualStudioVersion = 16.0.31515.178
MinimumVisualStudioVersion = 10.0.40219.1
Project("{9A19103F-16F7-4668-BE54-9A1E7A4F7556}") = "ImagePointEditor.Core", "src\ImagePointEditor.Core\ImagePointEditor.Core.csproj", "{8A374D3A-AD5B-43DE-A07B-68D3D3BEB07B}"
EndProject
Project("{FAE04EC0-301F-11D3-BF4B-00C04F79EFBC}") = "ImagePointEditor", "ImagePointEditor\ImagePointEditor.csproj", "{0560ADD9-3022-4599-855B-51CB5A0C1800}"
EndProject
Global
	GlobalSection(SolutionConfigurationPlatforms) = preSolution
		Debug|Any CPU = Debug|Any CPU
		Release|Any CPU = Release|Any CPU
	EndGlobalSection
	GlobalSection(ProjectConfigurationPlatforms) = postSolution
		{8A374D3A-AD5B-43DE-A07B-68D3D3BEB07B}.Debug|Any CPU.ActiveCfg = Debug|Any CPU
		{8A374D3A-AD5B-43DE-A07B-68D3D3BEB07B}.Debug|Any CPU.Build.0 = Debug|Any CPU
		{8A374D3A-AD5B-43DE-A07B-68D3D3BEB07B}.Release|Any CPU.ActiveCfg = Release|Any CPU
		{8A374D3A-AD5B-43DE-A07B-68D3D3BEB07B}.Release|Any CPU.Build.0 = Release|Any CPU
		{0560ADD9-3022-4599-855B-51CB5A0C1800}.Debug|Any CPU.ActiveCfg = Debug|Any CPU
		{0560ADD9-3022-4599-855B-51CB5A0C1800}.Debug|Any CPU.Build.0 = Debug|Any CPU
		{0560ADD9-3022-4599-855B-51CB5A0C1800}.Release|Any CPU.ActiveCfg = Release|Any CPU
		{0560ADD9-3022-4599-855B-51CB5A0C1800}.Release|Any CPU.Build.0 = Release|Any CPU
	EndGlobalSection
	GlobalSection(SolutionProperties) = preSolution
		HideSolutionNode = FALSE
	EndGlobalSection
	GlobalSection(ExtensibilityGlobals) = postSolution
		SolutionGuid = {D849FFB2-F81C-46F2-84DA-615848ABD1FD}
	EndGlobalSection
EndGlobal
